// !$*UTF8*$!
{
	archiveVersion = 1;
	classes = {
	};
	objectVersion = 55;
	objects = {

/* Begin PBXBuildFile section */
		6E05093D27435E5400DCA296 /* SizeTableViewController.swift in Sources */ = {isa = PBXBuildFile; fileRef = 6E05093C27435E5400DCA296 /* SizeTableViewController.swift */; };
		6E05093F27435E7200DCA296 /* CrustTableViewController.swift in Sources */ = {isa = PBXBuildFile; fileRef = 6E05093E27435E7200DCA296 /* CrustTableViewController.swift */; };
		6E0509412743646100DCA296 /* OrderHistoryTableView.swift in Sources */ = {isa = PBXBuildFile; fileRef = 6E0509402743646100DCA296 /* OrderHistoryTableView.swift */; };
		6E5C9F5F27419C3300D8B171 /* Topping.swift in Sources */ = {isa = PBXBuildFile; fileRef = 6E5C9F5E27419C3300D8B171 /* Topping.swift */; };
		6E5C9F6227419D6F00D8B171 /* ToppingList.swift in Sources */ = {isa = PBXBuildFile; fileRef = 6E5C9F6127419D6F00D8B171 /* ToppingList.swift */; };
		6E5C9F642741A01700D8B171 /* Sauce.swift in Sources */ = {isa = PBXBuildFile; fileRef = 6E5C9F632741A01700D8B171 /* Sauce.swift */; };
		6E5C9F662741A01D00D8B171 /* Meat.swift in Sources */ = {isa = PBXBuildFile; fileRef = 6E5C9F652741A01D00D8B171 /* Meat.swift */; };
		6E5C9F682741A02700D8B171 /* Vegetable.swift in Sources */ = {isa = PBXBuildFile; fileRef = 6E5C9F672741A02700D8B171 /* Vegetable.swift */; };
		6E5C9F6A2741A51E00D8B171 /* ToppingListCell.swift in Sources */ = {isa = PBXBuildFile; fileRef = 6E5C9F692741A51E00D8B171 /* ToppingListCell.swift */; };
		6E794F75273B401300EC4AB3 /* AppDelegate.swift in Sources */ = {isa = PBXBuildFile; fileRef = 6E794F74273B401300EC4AB3 /* AppDelegate.swift */; };
		6E794F77273B401300EC4AB3 /* SceneDelegate.swift in Sources */ = {isa = PBXBuildFile; fileRef = 6E794F76273B401300EC4AB3 /* SceneDelegate.swift */; };
		6E794F79273B401300EC4AB3 /* ViewController.swift in Sources */ = {isa = PBXBuildFile; fileRef = 6E794F78273B401300EC4AB3 /* ViewController.swift */; };
		6E794F7C273B401300EC4AB3 /* Main.storyboard in Resources */ = {isa = PBXBuildFile; fileRef = 6E794F7A273B401300EC4AB3 /* Main.storyboard */; };
		6E794F7E273B401500EC4AB3 /* Assets.xcassets in Resources */ = {isa = PBXBuildFile; fileRef = 6E794F7D273B401500EC4AB3 /* Assets.xcassets */; };
		6E794F81273B401500EC4AB3 /* LaunchScreen.storyboard in Resources */ = {isa = PBXBuildFile; fileRef = 6E794F7F273B401500EC4AB3 /* LaunchScreen.storyboard */; };
		6EC6A99B273CADE5004E9A76 /* Pizza.swift in Sources */ = {isa = PBXBuildFile; fileRef = 6EC6A99A273CADE5004E9A76 /* Pizza.swift */; };
		6EC6A99F273CAEDC004E9A76 /* PizzaListController.swift in Sources */ = {isa = PBXBuildFile; fileRef = 6EC6A99E273CAEDC004E9A76 /* PizzaListController.swift */; };
		6EC6A9A1273CB24B004E9A76 /* PizzaListCell.swift in Sources */ = {isa = PBXBuildFile; fileRef = 6EC6A9A0273CB24B004E9A76 /* PizzaListCell.swift */; };
		6EF3314D273F5C57007CB293 /* CustomizePizzaController.swift in Sources */ = {isa = PBXBuildFile; fileRef = 6EF3314C273F5C57007CB293 /* CustomizePizzaController.swift */; };
/* End PBXBuildFile section */

/* Begin PBXFileReference section */
		6E05093C27435E5400DCA296 /* SizeTableViewController.swift */ = {isa = PBXFileReference; lastKnownFileType = sourcecode.swift; path = SizeTableViewController.swift; sourceTree = "<group>"; };
		6E05093E27435E7200DCA296 /* CrustTableViewController.swift */ = {isa = PBXFileReference; lastKnownFileType = sourcecode.swift; path = CrustTableViewController.swift; sourceTree = "<group>"; };
		6E0509402743646100DCA296 /* OrderHistoryTableView.swift */ = {isa = PBXFileReference; lastKnownFileType = sourcecode.swift; path = OrderHistoryTableView.swift; sourceTree = "<group>"; };
		6E5C9F5E27419C3300D8B171 /* Topping.swift */ = {isa = PBXFileReference; lastKnownFileType = sourcecode.swift; path = Topping.swift; sourceTree = "<group>"; };
		6E5C9F6127419D6F00D8B171 /* ToppingList.swift */ = {isa = PBXFileReference; lastKnownFileType = sourcecode.swift; path = ToppingList.swift; sourceTree = "<group>"; };
		6E5C9F632741A01700D8B171 /* Sauce.swift */ = {isa = PBXFileReference; lastKnownFileType = sourcecode.swift; path = Sauce.swift; sourceTree = "<group>"; };
		6E5C9F652741A01D00D8B171 /* Meat.swift */ = {isa = PBXFileReference; lastKnownFileType = sourcecode.swift; path = Meat.swift; sourceTree = "<group>"; };
		6E5C9F672741A02700D8B171 /* Vegetable.swift */ = {isa = PBXFileReference; lastKnownFileType = sourcecode.swift; path = Vegetable.swift; sourceTree = "<group>"; };
		6E5C9F692741A51E00D8B171 /* ToppingListCell.swift */ = {isa = PBXFileReference; lastKnownFileType = sourcecode.swift; path = ToppingListCell.swift; sourceTree = "<group>"; };
		6E794F71273B401300EC4AB3 /* ISP1002_FinalProject.app */ = {isa = PBXFileReference; explicitFileType = wrapper.application; includeInIndex = 0; path = ISP1002_FinalProject.app; sourceTree = BUILT_PRODUCTS_DIR; };
		6E794F74273B401300EC4AB3 /* AppDelegate.swift */ = {isa = PBXFileReference; lastKnownFileType = sourcecode.swift; path = AppDelegate.swift; sourceTree = "<group>"; };
		6E794F76273B401300EC4AB3 /* SceneDelegate.swift */ = {isa = PBXFileReference; lastKnownFileType = sourcecode.swift; path = SceneDelegate.swift; sourceTree = "<group>"; };
		6E794F78273B401300EC4AB3 /* ViewController.swift */ = {isa = PBXFileReference; lastKnownFileType = sourcecode.swift; path = ViewController.swift; sourceTree = "<group>"; };
		6E794F7B273B401300EC4AB3 /* Base */ = {isa = PBXFileReference; lastKnownFileType = file.storyboard; name = Base; path = Base.lproj/Main.storyboard; sourceTree = "<group>"; };
		6E794F7D273B401500EC4AB3 /* Assets.xcassets */ = {isa = PBXFileReference; lastKnownFileType = folder.assetcatalog; path = Assets.xcassets; sourceTree = "<group>"; };
		6E794F80273B401500EC4AB3 /* Base */ = {isa = PBXFileReference; lastKnownFileType = file.storyboard; name = Base; path = Base.lproj/LaunchScreen.storyboard; sourceTree = "<group>"; };
		6E794F82273B401500EC4AB3 /* Info.plist */ = {isa = PBXFileReference; lastKnownFileType = text.plist.xml; path = Info.plist; sourceTree = "<group>"; };
		6EC6A99A273CADE5004E9A76 /* Pizza.swift */ = {isa = PBXFileReference; lastKnownFileType = sourcecode.swift; path = Pizza.swift; sourceTree = "<group>"; };
		6EC6A99E273CAEDC004E9A76 /* PizzaListController.swift */ = {isa = PBXFileReference; lastKnownFileType = sourcecode.swift; path = PizzaListController.swift; sourceTree = "<group>"; };
		6EC6A9A0273CB24B004E9A76 /* PizzaListCell.swift */ = {isa = PBXFileReference; lastKnownFileType = sourcecode.swift; path = PizzaListCell.swift; sourceTree = "<group>"; };
		6EF3314C273F5C57007CB293 /* CustomizePizzaController.swift */ = {isa = PBXFileReference; lastKnownFileType = sourcecode.swift; path = CustomizePizzaController.swift; sourceTree = "<group>"; };
/* End PBXFileReference section */

/* Begin PBXFrameworksBuildPhase section */
		6E794F6E273B401300EC4AB3 /* Frameworks */ = {
			isa = PBXFrameworksBuildPhase;
			buildActionMask = 2147483647;
			files = (
			);
			runOnlyForDeploymentPostprocessing = 0;
		};
/* End PBXFrameworksBuildPhase section */

/* Begin PBXGroup section */
		6E0448762742A72E004108BB /* View */ = {
			isa = PBXGroup;
			children = (
				6E794F7A273B401300EC4AB3 /* Main.storyboard */,
			);
			path = View;
			sourceTree = "<group>";
		};
		6E05093A27435E1500DCA296 /* Crust */ = {
			isa = PBXGroup;
			children = (
				6E05093E27435E7200DCA296 /* CrustTableViewController.swift */,
			);
			path = Crust;
			sourceTree = "<group>";
		};
		6E05093B27435E1C00DCA296 /* Size */ = {
			isa = PBXGroup;
			children = (
				6E05093C27435E5400DCA296 /* SizeTableViewController.swift */,
			);
			path = Size;
			sourceTree = "<group>";
		};
		6E794F68273B401300EC4AB3 = {
			isa = PBXGroup;
			children = (
				6E794F73273B401300EC4AB3 /* ISP1002_FinalProject */,
				6E794F72273B401300EC4AB3 /* Products */,
			);
			sourceTree = "<group>";
		};
		6E794F72273B401300EC4AB3 /* Products */ = {
			isa = PBXGroup;
			children = (
				6E794F71273B401300EC4AB3 /* ISP1002_FinalProject.app */,
			);
			name = Products;
			sourceTree = "<group>";
		};
		6E794F73273B401300EC4AB3 /* ISP1002_FinalProject */ = {
			isa = PBXGroup;
			children = (
				6E0448762742A72E004108BB /* View */,
				6E794F89273B496B00EC4AB3 /* Controller */,
				6E794F88273B495F00EC4AB3 /* Model */,
				6E794F74273B401300EC4AB3 /* AppDelegate.swift */,
				6E794F76273B401300EC4AB3 /* SceneDelegate.swift */,
				6E794F7D273B401500EC4AB3 /* Assets.xcassets */,
				6E794F7F273B401500EC4AB3 /* LaunchScreen.storyboard */,
				6E794F82273B401500EC4AB3 /* Info.plist */,
			);
			path = ISP1002_FinalProject;
			sourceTree = "<group>";
		};
		6E794F88273B495F00EC4AB3 /* Model */ = {
			isa = PBXGroup;
			children = (
				6E5C9F5E27419C3300D8B171 /* Topping.swift */,
				6EC6A99A273CADE5004E9A76 /* Pizza.swift */,
				6E5C9F6127419D6F00D8B171 /* ToppingList.swift */,
				6E5C9F632741A01700D8B171 /* Sauce.swift */,
				6E5C9F652741A01D00D8B171 /* Meat.swift */,
				6E5C9F672741A02700D8B171 /* Vegetable.swift */,
			);
			path = Model;
			sourceTree = "<group>";
		};
		6E794F89273B496B00EC4AB3 /* Controller */ = {
			isa = PBXGroup;
			children = (
				6E05093B27435E1C00DCA296 /* Size */,
				6E05093A27435E1500DCA296 /* Crust */,
				6EF33151273F5CC6007CB293 /* Cart */,
				6EF33150273F5CB6007CB293 /* OrderHistory */,
				6EF3314F273F5CA6007CB293 /* CustomizePizza */,
				6EF3314E273F5C6B007CB293 /* PizzaList */,
				6E794F78273B401300EC4AB3 /* ViewController.swift */,
			);
			path = Controller;
			sourceTree = "<group>";
		};
		6EF3314E273F5C6B007CB293 /* PizzaList */ = {
			isa = PBXGroup;
			children = (
				6EC6A99E273CAEDC004E9A76 /* PizzaListController.swift */,
				6EC6A9A0273CB24B004E9A76 /* PizzaListCell.swift */,
			);
			path = PizzaList;
			sourceTree = "<group>";
		};
		6EF3314F273F5CA6007CB293 /* CustomizePizza */ = {
			isa = PBXGroup;
			children = (
				6EF3314C273F5C57007CB293 /* CustomizePizzaController.swift */,
				6E5C9F692741A51E00D8B171 /* ToppingListCell.swift */,
			);
			path = CustomizePizza;
			sourceTree = "<group>";
		};
		6EF33150273F5CB6007CB293 /* OrderHistory */ = {
			isa = PBXGroup;
			children = (
				6E0509402743646100DCA296 /* OrderHistoryTableView.swift */,
			);
			path = OrderHistory;
			sourceTree = "<group>";
		};
		6EF33151273F5CC6007CB293 /* Cart */ = {
			isa = PBXGroup;
			children = (
			);
			path = Cart;
			sourceTree = "<group>";
		};
/* End PBXGroup section */

/* Begin PBXNativeTarget section */
		6E794F70273B401300EC4AB3 /* ISP1002_FinalProject */ = {
			isa = PBXNativeTarget;
			buildConfigurationList = 6E794F85273B401500EC4AB3 /* Build configuration list for PBXNativeTarget "ISP1002_FinalProject" */;
			buildPhases = (
				6E794F6D273B401300EC4AB3 /* Sources */,
				6E794F6E273B401300EC4AB3 /* Frameworks */,
				6E794F6F273B401300EC4AB3 /* Resources */,
			);
			buildRules = (
			);
			dependencies = (
			);
			name = ISP1002_FinalProject;
			productName = ISP1002_FinalProject;
			productReference = 6E794F71273B401300EC4AB3 /* ISP1002_FinalProject.app */;
			productType = "com.apple.product-type.application";
		};
/* End PBXNativeTarget section */

/* Begin PBXProject section */
		6E794F69273B401300EC4AB3 /* Project object */ = {
			isa = PBXProject;
			attributes = {
				BuildIndependentTargetsInParallel = 1;
				LastSwiftUpdateCheck = 1310;
				LastUpgradeCheck = 1310;
				TargetAttributes = {
					6E794F70273B401300EC4AB3 = {
						CreatedOnToolsVersion = 13.1;
					};
				};
			};
			buildConfigurationList = 6E794F6C273B401300EC4AB3 /* Build configuration list for PBXProject "ISP1002_FinalProject" */;
			compatibilityVersion = "Xcode 13.0";
			developmentRegion = en;
			hasScannedForEncodings = 0;
			knownRegions = (
				en,
				Base,
			);
			mainGroup = 6E794F68273B401300EC4AB3;
			productRefGroup = 6E794F72273B401300EC4AB3 /* Products */;
			projectDirPath = "";
			projectRoot = "";
			targets = (
				6E794F70273B401300EC4AB3 /* ISP1002_FinalProject */,
			);
		};
/* End PBXProject section */

/* Begin PBXResourcesBuildPhase section */
		6E794F6F273B401300EC4AB3 /* Resources */ = {
			isa = PBXResourcesBuildPhase;
			buildActionMask = 2147483647;
			files = (
				6E794F81273B401500EC4AB3 /* LaunchScreen.storyboard in Resources */,
				6E794F7E273B401500EC4AB3 /* Assets.xcassets in Resources */,
				6E794F7C273B401300EC4AB3 /* Main.storyboard in Resources */,
			);
			runOnlyForDeploymentPostprocessing = 0;
		};
/* End PBXResourcesBuildPhase section */

/* Begin PBXSourcesBuildPhase section */
		6E794F6D273B401300EC4AB3 /* Sources */ = {
			isa = PBXSourcesBuildPhase;
			buildActionMask = 2147483647;
			files = (
				6EC6A99F273CAEDC004E9A76 /* PizzaListController.swift in Sources */,
				6E5C9F682741A02700D8B171 /* Vegetable.swift in Sources */,
				6E5C9F662741A01D00D8B171 /* Meat.swift in Sources */,
				6E5C9F5F27419C3300D8B171 /* Topping.swift in Sources */,
				6E05093D27435E5400DCA296 /* SizeTableViewController.swift in Sources */,
				6EC6A99B273CADE5004E9A76 /* Pizza.swift in Sources */,
				6E5C9F6A2741A51E00D8B171 /* ToppingListCell.swift in Sources */,
				6E0509412743646100DCA296 /* OrderHistoryTableView.swift in Sources */,
				6E5C9F642741A01700D8B171 /* Sauce.swift in Sources */,
				6E794F79273B401300EC4AB3 /* ViewController.swift in Sources */,
				6E794F75273B401300EC4AB3 /* AppDelegate.swift in Sources */,
				6E05093F27435E7200DCA296 /* CrustTableViewController.swift in Sources */,
				6EC6A9A1273CB24B004E9A76 /* PizzaListCell.swift in Sources */,
				6EF3314D273F5C57007CB293 /* CustomizePizzaController.swift in Sources */,
				6E794F77273B401300EC4AB3 /* SceneDelegate.swift in Sources */,
				6E5C9F6227419D6F00D8B171 /* ToppingList.swift in Sources */,
			);
			runOnlyForDeploymentPostprocessing = 0;
		};
/* End PBXSourcesBuildPhase section */

/* Begin PBXVariantGroup section */
		6E794F7A273B401300EC4AB3 /* Main.storyboard */ = {
			isa = PBXVariantGroup;
			children = (
				6E794F7B273B401300EC4AB3 /* Base */,
			);
			name = Main.storyboard;
			sourceTree = "<group>";
		};
		6E794F7F273B401500EC4AB3 /* LaunchScreen.storyboard */ = {
			isa = PBXVariantGroup;
			children = (
				6E794F80273B401500EC4AB3 /* Base */,
			);
			name = LaunchScreen.storyboard;
			sourceTree = "<group>";
		};
/* End PBXVariantGroup section */

/* Begin XCBuildConfiguration section */
		6E794F83273B401500EC4AB3 /* Debug */ = {
			isa = XCBuildConfiguration;
			buildSettings = {
				ALWAYS_SEARCH_USER_PATHS = NO;
				CLANG_ANALYZER_NONNULL = YES;
				CLANG_ANALYZER_NUMBER_OBJECT_CONVERSION = YES_AGGRESSIVE;
				CLANG_CXX_LANGUAGE_STANDARD = "gnu++17";
				CLANG_CXX_LIBRARY = "libc++";
				CLANG_ENABLE_MODULES = YES;
				CLANG_ENABLE_OBJC_ARC = YES;
				CLANG_ENABLE_OBJC_WEAK = YES;
				CLANG_WARN_BLOCK_CAPTURE_AUTORELEASING = YES;
				CLANG_WARN_BOOL_CONVERSION = YES;
				CLANG_WARN_COMMA = YES;
				CLANG_WARN_CONSTANT_CONVERSION = YES;
				CLANG_WARN_DEPRECATED_OBJC_IMPLEMENTATIONS = YES;
				CLANG_WARN_DIRECT_OBJC_ISA_USAGE = YES_ERROR;
				CLANG_WARN_DOCUMENTATION_COMMENTS = YES;
				CLANG_WARN_EMPTY_BODY = YES;
				CLANG_WARN_ENUM_CONVERSION = YES;
				CLANG_WARN_INFINITE_RECURSION = YES;
				CLANG_WARN_INT_CONVERSION = YES;
				CLANG_WARN_NON_LITERAL_NULL_CONVERSION = YES;
				CLANG_WARN_OBJC_IMPLICIT_RETAIN_SELF = YES;
				CLANG_WARN_OBJC_LITERAL_CONVERSION = YES;
				CLANG_WARN_OBJC_ROOT_CLASS = YES_ERROR;
				CLANG_WARN_QUOTED_INCLUDE_IN_FRAMEWORK_HEADER = YES;
				CLANG_WARN_RANGE_LOOP_ANALYSIS = YES;
				CLANG_WARN_STRICT_PROTOTYPES = YES;
				CLANG_WARN_SUSPICIOUS_MOVE = YES;
				CLANG_WARN_UNGUARDED_AVAILABILITY = YES_AGGRESSIVE;
				CLANG_WARN_UNREACHABLE_CODE = YES;
				CLANG_WARN__DUPLICATE_METHOD_MATCH = YES;
				COPY_PHASE_STRIP = NO;
				DEBUG_INFORMATION_FORMAT = dwarf;
				ENABLE_STRICT_OBJC_MSGSEND = YES;
				ENABLE_TESTABILITY = YES;
				GCC_C_LANGUAGE_STANDARD = gnu11;
				GCC_DYNAMIC_NO_PIC = NO;
				GCC_NO_COMMON_BLOCKS = YES;
				GCC_OPTIMIZATION_LEVEL = 0;
				GCC_PREPROCESSOR_DEFINITIONS = (
					"DEBUG=1",
					"$(inherited)",
				);
				GCC_WARN_64_TO_32_BIT_CONVERSION = YES;
				GCC_WARN_ABOUT_RETURN_TYPE = YES_ERROR;
				GCC_WARN_UNDECLARED_SELECTOR = YES;
				GCC_WARN_UNINITIALIZED_AUTOS = YES_AGGRESSIVE;
				GCC_WARN_UNUSED_FUNCTION = YES;
				GCC_WARN_UNUSED_VARIABLE = YES;
				IPHONEOS_DEPLOYMENT_TARGET = 15.0;
				MTL_ENABLE_DEBUG_INFO = INCLUDE_SOURCE;
				MTL_FAST_MATH = YES;
				ONLY_ACTIVE_ARCH = YES;
				SDKROOT = iphoneos;
				SWIFT_ACTIVE_COMPILATION_CONDITIONS = DEBUG;
				SWIFT_OPTIMIZATION_LEVEL = "-Onone";
			};
			name = Debug;
		};
		6E794F84273B401500EC4AB3 /* Release */ = {
			isa = XCBuildConfiguration;
			buildSettings = {
				ALWAYS_SEARCH_USER_PATHS = NO;
				CLANG_ANALYZER_NONNULL = YES;
				CLANG_ANALYZER_NUMBER_OBJECT_CONVERSION = YES_AGGRESSIVE;
				CLANG_CXX_LANGUAGE_STANDARD = "gnu++17";
				CLANG_CXX_LIBRARY = "libc++";
				CLANG_ENABLE_MODULES = YES;
				CLANG_ENABLE_OBJC_ARC = YES;
				CLANG_ENABLE_OBJC_WEAK = YES;
				CLANG_WARN_BLOCK_CAPTURE_AUTORELEASING = YES;
				CLANG_WARN_BOOL_CONVERSION = YES;
				CLANG_WARN_COMMA = YES;
				CLANG_WARN_CONSTANT_CONVERSION = YES;
				CLANG_WARN_DEPRECATED_OBJC_IMPLEMENTATIONS = YES;
				CLANG_WARN_DIRECT_OBJC_ISA_USAGE = YES_ERROR;
				CLANG_WARN_DOCUMENTATION_COMMENTS = YES;
				CLANG_WARN_EMPTY_BODY = YES;
				CLANG_WARN_ENUM_CONVERSION = YES;
				CLANG_WARN_INFINITE_RECURSION = YES;
				CLANG_WARN_INT_CONVERSION = YES;
				CLANG_WARN_NON_LITERAL_NULL_CONVERSION = YES;
				CLANG_WARN_OBJC_IMPLICIT_RETAIN_SELF = YES;
				CLANG_WARN_OBJC_LITERAL_CONVERSION = YES;
				CLANG_WARN_OBJC_ROOT_CLASS = YES_ERROR;
				CLANG_WARN_QUOTED_INCLUDE_IN_FRAMEWORK_HEADER = YES;
				CLANG_WARN_RANGE_LOOP_ANALYSIS = YES;
				CLANG_WARN_STRICT_PROTOTYPES = YES;
				CLANG_WARN_SUSPICIOUS_MOVE = YES;
				CLANG_WARN_UNGUARDED_AVAILABILITY = YES_AGGRESSIVE;
				CLANG_WARN_UNREACHABLE_CODE = YES;
				CLANG_WARN__DUPLICATE_METHOD_MATCH = YES;
				COPY_PHASE_STRIP = NO;
				DEBUG_INFORMATION_FORMAT = "dwarf-with-dsym";
				ENABLE_NS_ASSERTIONS = NO;
				ENABLE_STRICT_OBJC_MSGSEND = YES;
				GCC_C_LANGUAGE_STANDARD = gnu11;
				GCC_NO_COMMON_BLOCKS = YES;
				GCC_WARN_64_TO_32_BIT_CONVERSION = YES;
				GCC_WARN_ABOUT_RETURN_TYPE = YES_ERROR;
				GCC_WARN_UNDECLARED_SELECTOR = YES;
				GCC_WARN_UNINITIALIZED_AUTOS = YES_AGGRESSIVE;
				GCC_WARN_UNUSED_FUNCTION = YES;
				GCC_WARN_UNUSED_VARIABLE = YES;
				IPHONEOS_DEPLOYMENT_TARGET = 15.0;
				MTL_ENABLE_DEBUG_INFO = NO;
				MTL_FAST_MATH = YES;
				SDKROOT = iphoneos;
				SWIFT_COMPILATION_MODE = wholemodule;
				SWIFT_OPTIMIZATION_LEVEL = "-O";
				VALIDATE_PRODUCT = YES;
			};
			name = Release;
		};
		6E794F86273B401500EC4AB3 /* Debug */ = {
			isa = XCBuildConfiguration;
			buildSettings = {
				ASSETCATALOG_COMPILER_APPICON_NAME = AppIcon;
				ASSETCATALOG_COMPILER_GLOBAL_ACCENT_COLOR_NAME = AccentColor;
				CODE_SIGN_STYLE = Automatic;
				CURRENT_PROJECT_VERSION = 1;
				GENERATE_INFOPLIST_FILE = YES;
				INFOPLIST_FILE = ISP1002_FinalProject/Info.plist;
				INFOPLIST_KEY_UIApplicationSupportsIndirectInputEvents = YES;
				INFOPLIST_KEY_UILaunchStoryboardName = LaunchScreen;
				INFOPLIST_KEY_UIMainStoryboardFile = Main;
				INFOPLIST_KEY_UISupportedInterfaceOrientations_iPad = "UIInterfaceOrientationPortrait UIInterfaceOrientationPortraitUpsideDown UIInterfaceOrientationLandscapeLeft UIInterfaceOrientationLandscapeRight";
				INFOPLIST_KEY_UISupportedInterfaceOrientations_iPhone = "UIInterfaceOrientationPortrait UIInterfaceOrientationLandscapeLeft UIInterfaceOrientationLandscapeRight";
				LD_RUNPATH_SEARCH_PATHS = (
					"$(inherited)",
					"@executable_path/Frameworks",
				);
				MARKETING_VERSION = 1.0;
				PRODUCT_BUNDLE_IDENTIFIER = "com.rammelbalagtas.ISP1002-FinalProject";
				PRODUCT_NAME = "$(TARGET_NAME)";
				SWIFT_EMIT_LOC_STRINGS = YES;
				SWIFT_VERSION = 5.0;
				TARGETED_DEVICE_FAMILY = "1,2";
			};
			name = Debug;
		};
		6E794F87273B401500EC4AB3 /* Release */ = {
			isa = XCBuildConfiguration;
			buildSettings = {
				ASSETCATALOG_COMPILER_APPICON_NAME = AppIcon;
				ASSETCATALOG_COMPILER_GLOBAL_ACCENT_COLOR_NAME = AccentColor;
				CODE_SIGN_STYLE = Automatic;
				CURRENT_PROJECT_VERSION = 1;
				GENERATE_INFOPLIST_FILE = YES;
				INFOPLIST_FILE = ISP1002_FinalProject/Info.plist;
				INFOPLIST_KEY_UIApplicationSupportsIndirectInputEvents = YES;
				INFOPLIST_KEY_UILaunchStoryboardName = LaunchScreen;
				INFOPLIST_KEY_UIMainStoryboardFile = Main;
				INFOPLIST_KEY_UISupportedInterfaceOrientations_iPad = "UIInterfaceOrientationPortrait UIInterfaceOrientationPortraitUpsideDown UIInterfaceOrientationLandscapeLeft UIInterfaceOrientationLandscapeRight";
				INFOPLIST_KEY_UISupportedInterfaceOrientations_iPhone = "UIInterfaceOrientationPortrait UIInterfaceOrientationLandscapeLeft UIInterfaceOrientationLandscapeRight";
				LD_RUNPATH_SEARCH_PATHS = (
					"$(inherited)",
					"@executable_path/Frameworks",
				);
				MARKETING_VERSION = 1.0;
				PRODUCT_BUNDLE_IDENTIFIER = "com.rammelbalagtas.ISP1002-FinalProject";
				PRODUCT_NAME = "$(TARGET_NAME)";
				SWIFT_EMIT_LOC_STRINGS = YES;
				SWIFT_VERSION = 5.0;
				TARGETED_DEVICE_FAMILY = "1,2";
			};
			name = Release;
		};
/* End XCBuildConfiguration section */

/* Begin XCConfigurationList section */
		6E794F6C273B401300EC4AB3 /* Build configuration list for PBXProject "ISP1002_FinalProject" */ = {
			isa = XCConfigurationList;
			buildConfigurations = (
				6E794F83273B401500EC4AB3 /* Debug */,
				6E794F84273B401500EC4AB3 /* Release */,
			);
			defaultConfigurationIsVisible = 0;
			defaultConfigurationName = Release;
		};
		6E794F85273B401500EC4AB3 /* Build configuration list for PBXNativeTarget "ISP1002_FinalProject" */ = {
			isa = XCConfigurationList;
			buildConfigurations = (
				6E794F86273B401500EC4AB3 /* Debug */,
				6E794F87273B401500EC4AB3 /* Release */,
			);
			defaultConfigurationIsVisible = 0;
			defaultConfigurationName = Release;
		};
/* End XCConfigurationList section */
	};
	rootObject = 6E794F69273B401300EC4AB3 /* Project object */;
}
